
Microsoft Visual Studio Solution File, Format Version 12.00
# Visual Studio 15
VisualStudioVersion = 15.0.28307.271
MinimumVisualStudioVersion = 10.0.40219.1
Project("{FAE04EC0-301F-11D3-BF4B-00C04F79EFBC}") = "WebApplication1", "WebApplication1\WebApplication1.csproj", "{2CE4E25A-72C0-4000-BD51-5209C182B2F6}"
EndProject
Global
	GlobalSection(SolutionConfigurationPlatforms) = preSolution
		Debug|Any CPU = Debug|Any CPU
		Release|Any CPU = Release|Any CPU
	EndGlobalSection
	GlobalSection(ProjectConfigurationPlatforms) = postSolution
		{2CE4E25A-72C0-4000-BD51-5209C182B2F6}.Debug|Any CPU.ActiveCfg = Debug|Any CPU
		{2CE4E25A-72C0-4000-BD51-5209C182B2F6}.Debug|Any CPU.Build.0 = Debug|Any CPU
		{2CE4E25A-72C0-4000-BD51-5209C182B2F6}.Release|Any CPU.ActiveCfg = Release|Any CPU
		{2CE4E25A-72C0-4000-BD51-5209C182B2F6}.Release|Any CPU.Build.0 = Release|Any CPU
	EndGlobalSection
	GlobalSection(SolutionProperties) = preSolution
		HideSolutionNode = FALSE
	EndGlobalSection
	GlobalSection(ExtensibilityGlobals) = postSolution
		SolutionGuid = {8E8D7790-976E-4C1A-BAF9-6A1A660A80EC}
	EndGlobalSection
EndGlobal
